
Microsoft Visual Studio Solution File, Format Version 12.00
# Visual Studio 15
VisualStudioVersion = 15.0.28307.1022
MinimumVisualStudioVersion = 10.0.40219.1
Project("{FAE04EC0-301F-11D3-BF4B-00C04F79EFBC}") = "Xadrez", "Xadrez\Xadrez.csproj", "{B41944F4-D9E8-4AEB-A589-1D8BDBC20D0D}"
EndProject
Global
	GlobalSection(SolutionConfigurationPlatforms) = preSolution
		Debug|Any CPU = Debug|Any CPU
		Release|Any CPU = Release|Any CPU
	EndGlobalSection
	GlobalSection(ProjectConfigurationPlatforms) = postSolution
		{B41944F4-D9E8-4AEB-A589-1D8BDBC20D0D}.Debug|Any CPU.ActiveCfg = Debug|Any CPU
		{B41944F4-D9E8-4AEB-A589-1D8BDBC20D0D}.Debug|Any CPU.Build.0 = Debug|Any CPU
		{B41944F4-D9E8-4AEB-A589-1D8BDBC20D0D}.Release|Any CPU.ActiveCfg = Release|Any CPU
		{B41944F4-D9E8-4AEB-A589-1D8BDBC20D0D}.Release|Any CPU.Build.0 = Release|Any CPU
	EndGlobalSection
	GlobalSection(SolutionProperties) = preSolution
		HideSolutionNode = FALSE
	EndGlobalSection
	GlobalSection(ExtensibilityGlobals) = postSolution
		SolutionGuid = {0D4EFAB8-1C50-4528-AD65-7727C9AA9749}
	EndGlobalSection
EndGlobal
